
Microsoft Visual Studio Solution File, Format Version 12.00
# Visual Studio 15
VisualStudioVersion = 15.0.27004.2006
MinimumVisualStudioVersion = 10.0.40219.1
Project("{FAE04EC0-301F-11D3-BF4B-00C04F79EFBC}") = "21.04.18", "21.04.18\21.04.18.csproj", "{19BAE3CE-1BB3-481F-8D6F-5449FE9F3FF3}"
EndProject
Global
	GlobalSection(SolutionConfigurationPlatforms) = preSolution
		Debug|Any CPU = Debug|Any CPU
		Release|Any CPU = Release|Any CPU
	EndGlobalSection
	GlobalSection(ProjectConfigurationPlatforms) = postSolution
		{19BAE3CE-1BB3-481F-8D6F-5449FE9F3FF3}.Debug|Any CPU.ActiveCfg = Debug|Any CPU
		{19BAE3CE-1BB3-481F-8D6F-5449FE9F3FF3}.Debug|Any CPU.Build.0 = Debug|Any CPU
		{19BAE3CE-1BB3-481F-8D6F-5449FE9F3FF3}.Release|Any CPU.ActiveCfg = Release|Any CPU
		{19BAE3CE-1BB3-481F-8D6F-5449FE9F3FF3}.Release|Any CPU.Build.0 = Release|Any CPU
	EndGlobalSection
	GlobalSection(SolutionProperties) = preSolution
		HideSolutionNode = FALSE
	EndGlobalSection
	GlobalSection(ExtensibilityGlobals) = postSolution
		SolutionGuid = {38D2AE24-4C81-43FE-AEC1-A13835C5BCF5}
	EndGlobalSection
EndGlobal
